
Microsoft Visual Studio Solution File, Format Version 12.00
# Visual Studio 15
VisualStudioVersion = 15.0.28307.168
MinimumVisualStudioVersion = 10.0.40219.1
Project("{8BC9CEB8-8B4A-11D0-8D11-00A0C91BC942}") = "KernelObjectView", "KernelObjectView\KernelObjectView.vcxproj", "{0A5C6948-268D-464B-9564-A55326C7CC30}"
EndProject
Global
	GlobalSection(SolutionConfigurationPlatforms) = preSolution
		Debug|x64 = Debug|x64
		Debug|x86 = Debug|x86
		Release|x64 = Release|x64
		Release|x86 = Release|x86
	EndGlobalSection
	GlobalSection(ProjectConfigurationPlatforms) = postSolution
		{0A5C6948-268D-464B-9564-A55326C7CC30}.Debug|x64.ActiveCfg = Debug|x64
		{0A5C6948-268D-464B-9564-A55326C7CC30}.Debug|x64.Build.0 = Debug|x64
		{0A5C6948-268D-464B-9564-A55326C7CC30}.Debug|x86.ActiveCfg = Debug|Win32
		{0A5C6948-268D-464B-9564-A55326C7CC30}.Debug|x86.Build.0 = Debug|Win32
		{0A5C6948-268D-464B-9564-A55326C7CC30}.Release|x64.ActiveCfg = Release|x64
		{0A5C6948-268D-464B-9564-A55326C7CC30}.Release|x64.Build.0 = Release|x64
		{0A5C6948-268D-464B-9564-A55326C7CC30}.Release|x86.ActiveCfg = Release|Win32
		{0A5C6948-268D-464B-9564-A55326C7CC30}.Release|x86.Build.0 = Release|Win32
	EndGlobalSection
	GlobalSection(SolutionProperties) = preSolution
		HideSolutionNode = FALSE
	EndGlobalSection
	GlobalSection(ExtensibilityGlobals) = postSolution
		SolutionGuid = {B1D15735-0AA3-4792-A1EF-7CED9DD7DE03}
	EndGlobalSection
EndGlobal
